
Microsoft Visual Studio Solution File, Format Version 12.00
# Visual Studio Version 17
VisualStudioVersion = 17.5.33516.290
MinimumVisualStudioVersion = 10.0.40219.1
Project("{FAE04EC0-301F-11D3-BF4B-00C04F79EFBC}") = "cms", "cms.csproj", "{97157A1D-FB69-44F2-A2FA-06C094BC94B0}"
EndProject
Global
	GlobalSection(SolutionConfigurationPlatforms) = preSolution
		Debug|Any CPU = Debug|Any CPU
		Release|Any CPU = Release|Any CPU
	EndGlobalSection
	GlobalSection(ProjectConfigurationPlatforms) = postSolution
		{97157A1D-FB69-44F2-A2FA-06C094BC94B0}.Debug|Any CPU.ActiveCfg = Debug|Any CPU
		{97157A1D-FB69-44F2-A2FA-06C094BC94B0}.Debug|Any CPU.Build.0 = Debug|Any CPU
		{97157A1D-FB69-44F2-A2FA-06C094BC94B0}.Release|Any CPU.ActiveCfg = Release|Any CPU
		{97157A1D-FB69-44F2-A2FA-06C094BC94B0}.Release|Any CPU.Build.0 = Release|Any CPU
	EndGlobalSection
	GlobalSection(SolutionProperties) = preSolution
		HideSolutionNode = FALSE
	EndGlobalSection
	GlobalSection(ExtensibilityGlobals) = postSolution
		SolutionGuid = {0EF51B78-5115-4A0B-81C1-83C30C1EAC64}
	EndGlobalSection
EndGlobal
